# This file is automatically @generated by Cargo.
# It is not intended for manual editing.
[[package]]
name = "cfg-if"
version = "0.1.5"
source = "registry+https://github.com/rust-lang/crates.io-index"

[[package]]
name = "doc-comment"
version = "0.3.3"
source = "registry+https://github.com/rust-lang/crates.io-index"

[[package]]
name = "encoding_rs"
version = "0.8.24"
source = "registry+https://github.com/rust-lang/crates.io-index"
dependencies = [
 "cfg-if 0.1.5 (registry+https://github.com/rust-lang/crates.io-index)",
]

[[package]]
name = "log"
version = "0.4.5"
source = "registry+https://github.com/rust-lang/crates.io-index"
dependencies = [
 "cfg-if 0.1.5 (registry+https://github.com/rust-lang/crates.io-index)",
]

[[package]]
name = "odbc"
version = "0.17.0"
source = "registry+https://github.com/rust-lang/crates.io-index"
dependencies = [
 "doc-comment 0.3.3 (registry+https://github.com/rust-lang/crates.io-index)",
 "encoding_rs 0.8.24 (registry+https://github.com/rust-lang/crates.io-index)",
 "log 0.4.5 (registry+https://github.com/rust-lang/crates.io-index)",
 "odbc-safe 0.5.0 (registry+https://github.com/rust-lang/crates.io-index)",
 "odbc-sys 0.8.2 (registry+https://github.com/rust-lang/crates.io-index)",
]

[[package]]
name = "odbc-safe"
version = "0.5.0"
source = "registry+https://github.com/rust-lang/crates.io-index"
dependencies = [
 "odbc-sys 0.8.2 (registry+https://github.com/rust-lang/crates.io-index)",
]

[[package]]
name = "odbc-sys"
version = "0.8.2"
source = "registry+https://github.com/rust-lang/crates.io-index"

[[package]]
name = "rodbc"
version = "0.1.0"
dependencies = [
 "odbc 0.17.0 (registry+https://github.com/rust-lang/crates.io-index)",
 "odbc-sys 0.8.2 (registry+https://github.com/rust-lang/crates.io-index)",
 "simple-error 0.1.11 (registry+https://github.com/rust-lang/crates.io-index)",
]

[[package]]
name = "simple-error"
version = "0.1.11"
source = "registry+https://github.com/rust-lang/crates.io-index"

[metadata]
"checksum cfg-if 0.1.5 (registry+https://github.com/rust-lang/crates.io-index)" = "0c4e7bb64a8ebb0d856483e1e682ea3422f883c5f5615a90d51a2c82fe87fdd3"
"checksum doc-comment 0.3.3 (registry+https://github.com/rust-lang/crates.io-index)" = "fea41bba32d969b513997752735605054bc0dfa92b4c56bf1189f2e174be7a10"
"checksum encoding_rs 0.8.24 (registry+https://github.com/rust-lang/crates.io-index)" = "a51b8cf747471cb9499b6d59e59b0444f4c90eba8968c4e44874e92b5b64ace2"
"checksum log 0.4.5 (registry+https://github.com/rust-lang/crates.io-index)" = "d4fcce5fa49cc693c312001daf1d13411c4a5283796bac1084299ea3e567113f"
"checksum odbc 0.17.0 (registry+https://github.com/rust-lang/crates.io-index)" = "1a2056ebb920918e743ccd0ceb6bc9d8e02e4d0d48c28550d1887e7490f6f298"
"checksum odbc-safe 0.5.0 (registry+https://github.com/rust-lang/crates.io-index)" = "f45de02ae2d07b38a7ef0e64139d971b1590d834c2ec089132d0eb49678e7e5a"
"checksum odbc-sys 0.8.2 (registry+https://github.com/rust-lang/crates.io-index)" = "dec5c5490e13c423d25508b13cd2cc432490043f5ed5b46b61a75857642f4f37"
"checksum simple-error 0.1.11 (registry+https://github.com/rust-lang/crates.io-index)" = "7779d1977a9e1e50bebb430a57114acc64bc4c40d6d8efb3e57893531d5fd895"
