[[package]]
name = "cfg-if"
version = "0.1.5"
source = "registry+https://github.com/rust-lang/crates.io-index"

[[package]]
name = "log"
version = "0.4.5"
source = "registry+https://github.com/rust-lang/crates.io-index"
dependencies = [
 "cfg-if 0.1.5 (registry+https://github.com/rust-lang/crates.io-index)",
]

[[package]]
name = "odbc"
version = "0.9.8"
source = "registry+https://github.com/rust-lang/crates.io-index"
dependencies = [
 "log 0.4.5 (registry+https://github.com/rust-lang/crates.io-index)",
 "odbc-safe 0.4.1 (registry+https://github.com/rust-lang/crates.io-index)",
 "odbc-sys 0.6.3 (registry+https://github.com/rust-lang/crates.io-index)",
]

[[package]]
name = "odbc-safe"
version = "0.4.1"
source = "registry+https://github.com/rust-lang/crates.io-index"
dependencies = [
 "odbc-sys 0.6.3 (registry+https://github.com/rust-lang/crates.io-index)",
]

[[package]]
name = "odbc-sys"
version = "0.6.3"
source = "registry+https://github.com/rust-lang/crates.io-index"

[[package]]
name = "rodbc"
version = "0.1.0"
dependencies = [
 "odbc 0.9.8 (registry+https://github.com/rust-lang/crates.io-index)",
 "odbc-sys 0.6.3 (registry+https://github.com/rust-lang/crates.io-index)",
 "simple-error 0.1.11 (registry+https://github.com/rust-lang/crates.io-index)",
]

[[package]]
name = "simple-error"
version = "0.1.11"
source = "registry+https://github.com/rust-lang/crates.io-index"

[metadata]
"checksum cfg-if 0.1.5 (registry+https://github.com/rust-lang/crates.io-index)" = "0c4e7bb64a8ebb0d856483e1e682ea3422f883c5f5615a90d51a2c82fe87fdd3"
"checksum log 0.4.5 (registry+https://github.com/rust-lang/crates.io-index)" = "d4fcce5fa49cc693c312001daf1d13411c4a5283796bac1084299ea3e567113f"
"checksum odbc 0.9.8 (registry+https://github.com/rust-lang/crates.io-index)" = "3d54d0132123be6c114639d38597a5026024802bd0a999e44c61ac3af7895058"
"checksum odbc-safe 0.4.1 (registry+https://github.com/rust-lang/crates.io-index)" = "f57e420b988c9d41005b33da6710bc1a657f2ce540a951c8aeb1d23ce1615502"
"checksum odbc-sys 0.6.3 (registry+https://github.com/rust-lang/crates.io-index)" = "824b45fb2d67a9cab7bfe8c3e7d543b34935764d2d0eee15373ef85dd5988b72"
"checksum simple-error 0.1.11 (registry+https://github.com/rust-lang/crates.io-index)" = "7779d1977a9e1e50bebb430a57114acc64bc4c40d6d8efb3e57893531d5fd895"
