%% THIS FILE IS GENERATED. DO NOT EDIT IT MANUALLY %%

{sub_dirs,["rel"]}.
{clean_files,["*.eunit","ebin/*.beam"]}.
{eunit_opts,[no_tty,
             {report,{eunit_progress,[colored]}},
             {report,{eunit_surefire,[{dir,"."}]}}]}.
{erl_opts,[debug_info,{parse_transform,lager_transform}]}.
{edoc_opts,[{dir,"doc"},{preprocess,true}]}.
{deps,[{goldrush,".*",
                 {git,"git://github.com/DeadZen/goldrush.git",
                      "71e63212f12c25827e0c1b4198d37d5d018a7fec"}},
       {lager,".*",
              {git,"git://github.com/basho/lager",
                   "b6b6cebcb27ccff8acc59ae775acebc2f52e4926"}},
       {syslog,".*",
               {git,"git://github.com/Vagabond/erlang-syslog.git",
                    "918c9b453e0811b24f2c99b35b712b0ef9f29c7e"}},
       {lager_syslog,".*",
                     {git,"git://github.com/basho/lager_syslog",
                          "fa2e7e3daee0d0a59dadb820fd3381eac4a65770"}},
       {pidder,".*",
               {git,"git@github.com:Aircloak/pidder.git",
                    "744a21669905665f07ce93000f4819cb78bd6d02"}},
       {meck,".*",
             {git,"https://github.com/eproxus/meck",
                  "04d67d2aad5e0268f2fcfcc715fce7ad87249b3f"}},
       {protobuffs,".*",
                   {git,"git://github.com/basho/erlang_protobuffs",
                        "f90e025518bdfbe48d6303c6aa5101297c56fb7b"}},
       {gproc,".*",
              {git,"git://github.com/uwiger/gproc",
                   "54a3b200155e94f1bd9afc752e4dd4630b2508b1"}},
       {eunit_formatters,".*",
                         {git,"git://github.com/seancribbs/eunit_formatters",
                              "d4cc6e4e7df5827be0b041d42201c7ea613512c1"}},
       {erlang_common,".*",
                      {git,"git@github.com:Aircloak/erlang_common.git",
                           "1fa5b2946858ed34d24a53bf4e37869e38b450ec"}},
       {cowlib,".*",
               {git,"git://github.com/ninenines/cowlib.git",
                    "d544a494af4dbc810fc9c15eaf5cc050cced1501"}},
       {ranch,".*",
              {git,"git://github.com/ninenines/ranch.git",
                   "adf1822defc2b7cfdc7aca112adabfa1d614043c"}},
       {cowboy,".*",
               {git,"git@github.com:ninenines/cowboy.git",
                    "b87150c713fe16601b314451b2fe25b62bd820bb"}},
       {rebar_lock_deps_plugin,".*",
                               {git,"git://github.com/seth/rebar_lock_deps_plugin.git",
                                    "9711549b8a84b065eb2edc22f8eb6ff85e3c94e8"}}]}.
{plugins,[rebar_lock_deps_plugin]}.

