%% THIS FILE IS GENERATED. DO NOT EDIT IT MANUALLY %%

{sub_dirs, [
  "apps/air",
  "rel"
]}.
{cover_enabled,true}.
{clean_files,["*.eunit","ebin/*.beam"]}.
{eunit_opts,[no_tty,
             {report,{eunit_progress,[colored]}},
             {report,{eunit_surefire,[{dir,"."}]}}]}.
{erl_opts,[debug_info]}.
{edoc_opts,[{dir,"doc"},{preprocess,true}]}.
{deps,[{cloak,".*",
                 {git,"git@github.com:Aircloak/cloak-core.git",
                      "ba71ac169307c80f5324226b14fa95822e7f990c"}},
       {goldrush,".*",
                 {git,"git://github.com/DeadZen/goldrush.git",
                      "71e63212f12c25827e0c1b4198d37d5d018a7fec"}},
       {lager,".*",
              {git,"git://github.com/basho/lager",
                   "b6b6cebcb27ccff8acc59ae775acebc2f52e4926"}},
       {syslog,".*",
               {git,"git://github.com/Vagabond/erlang-syslog.git",
                    "918c9b453e0811b24f2c99b35b712b0ef9f29c7e"}},
       {lager_syslog,".*",
                     {git,"git://github.com/basho/lager_syslog",
                          "fa2e7e3daee0d0a59dadb820fd3381eac4a65770"}},
       {pidder,".*",
               {git,"git@github.com:Aircloak/pidder.git",
                    "744a21669905665f07ce93000f4819cb78bd6d02"}},
       {meck,".*",
             {git,"git://github.com/eproxus/meck",
                  "04d67d2aad5e0268f2fcfcc715fce7ad87249b3f"}},
       {protobuffs,".*",
                   {git,"git://github.com/basho/erlang_protobuffs",
                        "f90e025518bdfbe48d6303c6aa5101297c56fb7b"}},
       {gproc,".*",
              {git,"git://github.com/uwiger/gproc",
                   "54a3b200155e94f1bd9afc752e4dd4630b2508b1"}},
       {eunit_formatters,".*",
                         {git,"git://github.com/seancribbs/eunit_formatters",
                              "2c73eb6e46b0863f19507857b386a48a53aaf141"}},
       {erlang_common,".*",
                      {git,"git@github.com:Aircloak/erlang_common.git",
                           "bd4bc6fb9cfeb746a3c205aa85fd0c681191664a"}},
       {cloak_metrics,".*",
                      {git,"git@github.com:Aircloak/cloak-metrics.git",
                           "101e7c2a84fb15952f88d541587cd913b187da88"}},
       {ej,".*",
           {git,"git://github.com/seth/ej.git",
                "c683084665e1220616e611639fb13797b91281c6"}},
       {poolboy,".*",
                {git,"git://github.com/devinus/poolboy.git",
                     "96d20256e1eba3cc915fde2a3a9f2483bb08bd87"}},
       {mochiweb,".*",
                 {git,"git://github.com/basho/mochiweb.git",
                      "332da857d91e681184a523a0d886a631b5385d7b"}},
       {ibrowse,".*",
                {git,"git://github.com/cmullaparthi/ibrowse.git",
                     "9b8b042fb7d37b90994ef6b6615c92dd2769328e"}},
       {webmachine,".*",
                   {git,"git://github.com/basho/webmachine",
                        "50c790ddc6087a133d326d7888ac596997d555ff"}},
       {pgsql,".*",
              {git,"git://github.com/semiocast/pgsql",
                   "adf9778e0b65a017bf94d55b52f7c8bbfba5d083"}},
       {proper,".*",
               {git,"git@github.com:manopapad/proper.git",
                    "87e4a56e8f97f1972cde44ed30500daa4641595f"}},
       {erlcron,".*",
           {git,"git://github.com/erlware/erlcron",
                "f35d36380dce4c90ad4f96c53342a398bc44365a"}},
       {lhttpc,".*",
           {git,"git@github.com:esl/lhttpc.git",
                "5ce99d8bce4d63453b863e4553e179c161878553"}},
       {jiffy,".*",
           {git,"git@github.com:davisp/jiffy.git",
                "801f9e72995eb72b303018885137ad8afbf1fb2b"}},
       {etcd,".*",
           {git,"git@github.com:spilgames/etcd.erl.git",
                "79d04a775e4488b0eb6e5e07a8c0bf4803adb997"}},
       {cowlib,".*",
               {git,"git://github.com/ninenines/cowlib.git",
                    "d544a494af4dbc810fc9c15eaf5cc050cced1501"}},
       {ranch,".*",
              {git,"git://github.com/ninenines/ranch.git",
                   "adf1822defc2b7cfdc7aca112adabfa1d614043c"}},
       {cowboy,".*",
               {git,"git@github.com:ninenines/cowboy.git",
                    "b87150c713fe16601b314451b2fe25b62bd820bb"}},
       {erlang_js, ".*",
               {git, "git@github.com:systra/erlang_js.git",
                    "7b188baa9127e6cf7635a4cdc2dae57fbaf39e4d"}},
       {poolboy,".*",
               {git,"git://github.com/devinus/poolboy.git",
                    "96d20256e1eba3cc915fde2a3a9f2483bb08bd87"}},
       {hackney,".*",
               {git,"git://github.com/benoitc/hackney.git",
                    "b29a643c572bb83f8089bd57c373e7aaf1e86608"}},
       {rebar_lock_deps_plugin,".*",
                               {git,"git://github.com/seth/rebar_lock_deps_plugin.git",
                                    "9711549b8a84b065eb2edc22f8eb6ff85e3c94e8"}},
       {rebar,".*",
              {git,"https://github.com/rebar/rebar.git",
                   "3a0c547089295c79697c7a29a1cf5f57a78c57c4"}},
       {rebar_proper_plugin,".*",
                            {git,"git://github.com/andrzejsliwa/rebar_proper_plugin.git",
                                 "d30e9c69f49066f7ee813a990b7a791c34287626"}}]}.
{plugins,[rebar_proper_plugin,rebar_lock_deps_plugin]}.
{proper_check_spec,[query_vnode_scheduler_batchreaders]}.
