%{"bbmustache": {:hex, :bbmustache, "1.0.4"},
  "bunt": {:hex, :bunt, "0.1.5"},
  "cf": {:hex, :cf, "0.2.1"},
  "credo": {:hex, :credo, "0.3.7"},
  "dialyze": {:hex, :dialyze, "0.2.1"},
  "ej": {:git, "https://github.com/seth/ej.git", "132a9a3c0662a2377eaf7ebee694a496a0957160", []},
  "erlcron": {:git, "https://github.com/erlware/erlcron.git", "9a3b5cc6c93d556e74075391d4d40aa2aa2c7ea1", []},
  "erlware_commons": {:hex, :erlware_commons, "0.19.0"},
  "eunit_formatters": {:hex, :eunit_formatters, "0.3.1"},
  "exrm": {:hex, :exrm, "1.0.2"},
  "getopt": {:hex, :getopt, "0.8.2"},
  "goldrush": {:hex, :goldrush, "0.1.7"},
  "gproc": {:hex, :gproc, "0.5.0"},
  "ibrowse": {:git, "git://github.com/cmullaparthi/ibrowse.git", "9b8b042fb7d37b90994ef6b6615c92dd2769328e", [tag: "v4.0.1"]},
  "lager": {:hex, :lager, "3.0.2"},
  "lager_logger": {:hex, :lager_logger, "1.0.2"},
  "meck": {:git, "https://github.com/eproxus/meck.git", "dde759050eff19a1a80fd854d7375174b191665d", [tag: "0.8.2"]},
  "mochiweb": {:git, "git://github.com/basho/mochiweb.git", "332da857d91e681184a523a0d886a631b5385d7b", [tag: "1.5.1p7"]},
  "pgsql": {:git, "https://github.com/semiocast/pgsql.git", "14f632bc89e464d82ce3ef12a67ed8c2adb5b60c", []},
  "proper": {:git, "https://github.com/matthiaskr/proper.git", "164663a7de18b0ce8d037b617afed0f97cac3de9", [ref: "164663a7de18b0ce8d037b617afed0f97cac3de9"]},
  "protobuffs": {:git, "https://github.com/basho/erlang_protobuffs.git", "a1eeee77aef639a33cc5a2dd7abed7e4f4b83f9b", [tag: "0.8.2"]},
  "providers": {:hex, :providers, "1.6.0"},
  "rebar_vsn_plugin": {:git, "https://github.com/erlware/rebar_vsn_plugin.git", "fd40c960c7912193631d948fe962e1162a8d1334", [tag: "master"]},
  "relx": {:hex, :relx, "3.18.0"},
  "webmachine": {:git, "https://github.com/basho/webmachine.git", "50c790ddc6087a133d326d7888ac596997d555ff", [tag: "1.10.6"]}}
