%% THIS FILE IS GENERATED. DO NOT EDIT IT MANUALLY %%

{sub_dirs,["rel"]}.
%{cover_enabled,true}.  % Disabled because of an Erlang OTP bug, will re-enable in release 18.3
{clean_files,["*.eunit","ebin/*.beam"]}.
{eunit_opts,[{report,{eunit_progress,[colored]}},
             {report,{eunit_surefire,[{dir,"."}]}}]}.
{erl_opts,[debug_info]}.
{edoc_opts,[{dir,"doc"},{preprocess,true}]}.
{deps,[{goldrush,".*",
                 {git,"git://github.com/DeadZen/goldrush.git",
                      "71e63212f12c25827e0c1b4198d37d5d018a7fec"}},
       {lager,".*",
              {git,"git://github.com/basho/lager",
                   "b6b6cebcb27ccff8acc59ae775acebc2f52e4926"}},
       {syslog,".*",
               {git,"git://github.com/Vagabond/erlang-syslog.git",
                    "918c9b453e0811b24f2c99b35b712b0ef9f29c7e"}},
       {lager_syslog,".*",
                     {git,"git://github.com/basho/lager_syslog",
                          "fa2e7e3daee0d0a59dadb820fd3381eac4a65770"}},
       {meck,".*",
             {git,"git://github.com/eproxus/meck",
                  "dde759050eff19a1a80fd854d7375174b191665d"}},
       {protobuffs,".*",
                   {git,"git://github.com/basho/erlang_protobuffs",
                        "f90e025518bdfbe48d6303c6aa5101297c56fb7b"}},
       {gproc,".*",
              {git,"git://github.com/uwiger/gproc",
                   "54a3b200155e94f1bd9afc752e4dd4630b2508b1"}},
       {eunit_formatters,".*",
                         {git,"git://github.com/seancribbs/eunit_formatters",
                              "6818dc14fe5d90d2561b1fa8ab8aea523a900128"}},
       {proper,".*",
              {git,"git@github.com:matthiaskr/proper.git",
                    "164663a7de18b0ce8d037b617afed0f97cac3de9"}},
       {rebar,".*",
              {git,"https://github.com/rebar/rebar.git",
                   "3a0c547089295c79697c7a29a1cf5f57a78c57c4"}},
       {rebar_proper_plugin,".*",
                            {git,"git://github.com/andrzejsliwa/rebar_proper_plugin.git",
                                 "d30e9c69f49066f7ee813a990b7a791c34287626"}},
       {cloak_metrics,".*",
                      {git,"git@github.com:Aircloak/cloak-metrics.git",
                           "7e8fec739b99fdfa9960527f3cf75846d890e708"}},
       {ej,".*",
           {git,"git://github.com/seth/ej.git",
                "132a9a3c0662a2377eaf7ebee694a496a0957160"}},
       {mochiweb,".*",
                 {git,"git://github.com/basho/mochiweb.git",
                      "332da857d91e681184a523a0d886a631b5385d7b"}},
       {ibrowse,".*",
                {git,"git://github.com/cmullaparthi/ibrowse.git",
                     "9b8b042fb7d37b90994ef6b6615c92dd2769328e"}},
       {webmachine,".*",
                   {git,"git://github.com/basho/webmachine",
                        "50c790ddc6087a133d326d7888ac596997d555ff"}},
       {pgsql,".*",
              {git,"git://github.com/semiocast/pgsql",
                   "14f632bc89e464d82ce3ef12a67ed8c2adb5b60c"}},
       {rebar_vsn_plugin,".*",
                         {git,"https://github.com/erlware/rebar_vsn_plugin.git",
                              "fd40c960c7912193631d948fe962e1162a8d1334"}},
       {erlcron,".*",
                {git,"https://github.com/erlware/erlcron",
                     "9a3b5cc6c93d556e74075391d4d40aa2aa2c7ea1"}},
       {rebar_lock_deps_plugin,".*",
                               {git,"git://github.com/seth/rebar_lock_deps_plugin.git",
                                    "7a5835029c42b8138325405237ea7e8516a84800"}}]}.
{plugins,[rebar_proper_plugin,rebar_lock_deps_plugin]}.
{proper_check_spec,[query_vnode_scheduler_batchreaders]}.
